
Microsoft Visual Studio Solution File, Format Version 12.00
# Visual Studio Version 17
VisualStudioVersion = 17.5.33502.453
MinimumVisualStudioVersion = 10.0.40219.1
Project("{9A19103F-16F7-4668-BE54-9A1E7A4F7556}") = "TaskFlow.Web", "TaskFlow.Web\TaskFlow.Web.csproj", "{7400A99F-C1F2-4F71-B1B5-038ACE33ED60}"
EndProject
Project("{2150E333-8FDC-42A3-9474-1A3956D46DE8}") = "Application", "Application", "{05D0243C-9D03-4E28-888C-679C8774EC7D}"
EndProject
Project("{2150E333-8FDC-42A3-9474-1A3956D46DE8}") = "Domain", "Domain", "{A2ACBC5D-6758-4375-B8E4-09CB4A3A4F4B}"
EndProject
Project("{2150E333-8FDC-42A3-9474-1A3956D46DE8}") = "Infrastructure", "Infrastructure", "{3DA27942-0949-4715-9347-85738D088183}"
EndProject
Project("{2150E333-8FDC-42A3-9474-1A3956D46DE8}") = "Tests", "Tests", "{41EDDC8D-A3B5-42E6-AED9-A24E097573CF}"
EndProject
Project("{2150E333-8FDC-42A3-9474-1A3956D46DE8}") = "UI", "UI", "{0160D6A6-129F-4BF3-9F64-C9682234938E}"
EndProject
Project("{9A19103F-16F7-4668-BE54-9A1E7A4F7556}") = "TaskFlow.Application", "TaskFlow.Application\TaskFlow.Application.csproj", "{BD1B4C7E-F426-4E10-BD5D-1721C2E943B9}"
EndProject
Project("{9A19103F-16F7-4668-BE54-9A1E7A4F7556}") = "TaskFlow.Domain", "TaskFlow.Domain\TaskFlow.Domain.csproj", "{0ECB1562-EA72-4814-A1C1-C12E3881DCB5}"
EndProject
Project("{9A19103F-16F7-4668-BE54-9A1E7A4F7556}") = "TaskFlow.Infrastructure", "TaskFlow.Infrastructure\TaskFlow.Infrastructure.csproj", "{FCC31CA3-7D41-4DDE-BCAB-65618D530926}"
EndProject
Project("{9A19103F-16F7-4668-BE54-9A1E7A4F7556}") = "TaskFlow.Tests", "TaskFlow.Tests\TaskFlow.Tests.csproj", "{C3E7B507-D98C-42BF-8BBB-D8FE7EBD3D06}"
EndProject
Global
	GlobalSection(SolutionConfigurationPlatforms) = preSolution
		Debug|Any CPU = Debug|Any CPU
		Release|Any CPU = Release|Any CPU
	EndGlobalSection
	GlobalSection(ProjectConfigurationPlatforms) = postSolution
		{7400A99F-C1F2-4F71-B1B5-038ACE33ED60}.Debug|Any CPU.ActiveCfg = Debug|Any CPU
		{7400A99F-C1F2-4F71-B1B5-038ACE33ED60}.Debug|Any CPU.Build.0 = Debug|Any CPU
		{7400A99F-C1F2-4F71-B1B5-038ACE33ED60}.Release|Any CPU.ActiveCfg = Release|Any CPU
		{7400A99F-C1F2-4F71-B1B5-038ACE33ED60}.Release|Any CPU.Build.0 = Release|Any CPU
		{BD1B4C7E-F426-4E10-BD5D-1721C2E943B9}.Debug|Any CPU.ActiveCfg = Debug|Any CPU
		{BD1B4C7E-F426-4E10-BD5D-1721C2E943B9}.Debug|Any CPU.Build.0 = Debug|Any CPU
		{BD1B4C7E-F426-4E10-BD5D-1721C2E943B9}.Release|Any CPU.ActiveCfg = Release|Any CPU
		{BD1B4C7E-F426-4E10-BD5D-1721C2E943B9}.Release|Any CPU.Build.0 = Release|Any CPU
		{0ECB1562-EA72-4814-A1C1-C12E3881DCB5}.Debug|Any CPU.ActiveCfg = Debug|Any CPU
		{0ECB1562-EA72-4814-A1C1-C12E3881DCB5}.Debug|Any CPU.Build.0 = Debug|Any CPU
		{0ECB1562-EA72-4814-A1C1-C12E3881DCB5}.Release|Any CPU.ActiveCfg = Release|Any CPU
		{0ECB1562-EA72-4814-A1C1-C12E3881DCB5}.Release|Any CPU.Build.0 = Release|Any CPU
		{FCC31CA3-7D41-4DDE-BCAB-65618D530926}.Debug|Any CPU.ActiveCfg = Debug|Any CPU
		{FCC31CA3-7D41-4DDE-BCAB-65618D530926}.Debug|Any CPU.Build.0 = Debug|Any CPU
		{FCC31CA3-7D41-4DDE-BCAB-65618D530926}.Release|Any CPU.ActiveCfg = Release|Any CPU
		{FCC31CA3-7D41-4DDE-BCAB-65618D530926}.Release|Any CPU.Build.0 = Release|Any CPU
		{C3E7B507-D98C-42BF-8BBB-D8FE7EBD3D06}.Debug|Any CPU.ActiveCfg = Debug|Any CPU
		{C3E7B507-D98C-42BF-8BBB-D8FE7EBD3D06}.Debug|Any CPU.Build.0 = Debug|Any CPU
		{C3E7B507-D98C-42BF-8BBB-D8FE7EBD3D06}.Release|Any CPU.ActiveCfg = Release|Any CPU
		{C3E7B507-D98C-42BF-8BBB-D8FE7EBD3D06}.Release|Any CPU.Build.0 = Release|Any CPU
	EndGlobalSection
	GlobalSection(SolutionProperties) = preSolution
		HideSolutionNode = FALSE
	EndGlobalSection
	GlobalSection(NestedProjects) = preSolution
		{7400A99F-C1F2-4F71-B1B5-038ACE33ED60} = {0160D6A6-129F-4BF3-9F64-C9682234938E}
		{BD1B4C7E-F426-4E10-BD5D-1721C2E943B9} = {05D0243C-9D03-4E28-888C-679C8774EC7D}
		{0ECB1562-EA72-4814-A1C1-C12E3881DCB5} = {A2ACBC5D-6758-4375-B8E4-09CB4A3A4F4B}
		{FCC31CA3-7D41-4DDE-BCAB-65618D530926} = {3DA27942-0949-4715-9347-85738D088183}
		{C3E7B507-D98C-42BF-8BBB-D8FE7EBD3D06} = {41EDDC8D-A3B5-42E6-AED9-A24E097573CF}
	EndGlobalSection
	GlobalSection(ExtensibilityGlobals) = postSolution
		SolutionGuid = {1D8D6ADE-A432-4FD6-86C8-4C42E4FD0005}
	EndGlobalSection
EndGlobal
